
Microsoft Visual Studio Solution File, Format Version 12.00
# Visual Studio Version 17
VisualStudioVersion = 17.14.36408.4 d17.14
MinimumVisualStudioVersion = 10.0.40219.1
Project("{2150E333-8FDC-42A3-9474-1A3956D46DE8}") = "src", "src", "{827E0CD3-B72D-47B6-A68D-7590B98EB39B}"
EndProject
Project("{FAE04EC0-301F-11D3-BF4B-00C04F79EFBC}") = "Store.Core", "src\Store.Core\Store.Core.csproj", "{EABC088A-5DA3-4FEF-8FA8-83891A08A07D}"
EndProject
Project("{FAE04EC0-301F-11D3-BF4B-00C04F79EFBC}") = "Store.Infrastructure", "src\Store.Infrastructure\Store.Infrastructure.csproj", "{CA2A4311-E9BC-498D-8C8E-4BCE9FDDEF4B}"
EndProject
Project("{FAE04EC0-301F-11D3-BF4B-00C04F79EFBC}") = "Store.API", "src\Store.API\Store.API.csproj", "{F4ED6426-8FED-422E-AA9B-1397BF3DE977}"
EndProject
Project("{FAE04EC0-301F-11D3-BF4B-00C04F79EFBC}") = "Store.App", "src\Store.App\Store.App.csproj", "{203E43EB-F2E6-47B2-A6AD-7247DD05B6A2}"
EndProject
Project("{2150E333-8FDC-42A3-9474-1A3956D46DE8}") = "tests", "tests", "{0AB3BF05-4346-4AA6-1389-037BE0695223}"
EndProject
Project("{FAE04EC0-301F-11D3-BF4B-00C04F79EFBC}") = "UnitTests", "tests\UnitTests\UnitTests.csproj", "{5483852B-5520-4ACB-920B-B4DF1C97C28E}"
EndProject
Project("{FAE04EC0-301F-11D3-BF4B-00C04F79EFBC}") = "IntegrationTests", "tests\IntegrationTests\IntegrationTests.csproj", "{600A9788-876D-44E6-AA85-A24511BF0D89}"
EndProject
Project("{E53339B2-1760-4266-BCC7-CA923CBCF16C}") = "docker-compose", "docker-compose.dcproj", "{81DDED9D-158B-E303-5F62-77A2896D2A5A}"
EndProject
Global
	GlobalSection(SolutionConfigurationPlatforms) = preSolution
		Debug|Any CPU = Debug|Any CPU
		Debug|x64 = Debug|x64
		Debug|x86 = Debug|x86
		Release|Any CPU = Release|Any CPU
		Release|x64 = Release|x64
		Release|x86 = Release|x86
	EndGlobalSection
	GlobalSection(ProjectConfigurationPlatforms) = postSolution
		{EABC088A-5DA3-4FEF-8FA8-83891A08A07D}.Debug|Any CPU.ActiveCfg = Debug|Any CPU
		{EABC088A-5DA3-4FEF-8FA8-83891A08A07D}.Debug|Any CPU.Build.0 = Debug|Any CPU
		{EABC088A-5DA3-4FEF-8FA8-83891A08A07D}.Debug|x64.ActiveCfg = Debug|Any CPU
		{EABC088A-5DA3-4FEF-8FA8-83891A08A07D}.Debug|x64.Build.0 = Debug|Any CPU
		{EABC088A-5DA3-4FEF-8FA8-83891A08A07D}.Debug|x86.ActiveCfg = Debug|Any CPU
		{EABC088A-5DA3-4FEF-8FA8-83891A08A07D}.Debug|x86.Build.0 = Debug|Any CPU
		{EABC088A-5DA3-4FEF-8FA8-83891A08A07D}.Release|Any CPU.ActiveCfg = Release|Any CPU
		{EABC088A-5DA3-4FEF-8FA8-83891A08A07D}.Release|Any CPU.Build.0 = Release|Any CPU
		{EABC088A-5DA3-4FEF-8FA8-83891A08A07D}.Release|x64.ActiveCfg = Release|Any CPU
		{EABC088A-5DA3-4FEF-8FA8-83891A08A07D}.Release|x64.Build.0 = Release|Any CPU
		{EABC088A-5DA3-4FEF-8FA8-83891A08A07D}.Release|x86.ActiveCfg = Release|Any CPU
		{EABC088A-5DA3-4FEF-8FA8-83891A08A07D}.Release|x86.Build.0 = Release|Any CPU
		{CA2A4311-E9BC-498D-8C8E-4BCE9FDDEF4B}.Debug|Any CPU.ActiveCfg = Debug|Any CPU
		{CA2A4311-E9BC-498D-8C8E-4BCE9FDDEF4B}.Debug|Any CPU.Build.0 = Debug|Any CPU
		{CA2A4311-E9BC-498D-8C8E-4BCE9FDDEF4B}.Debug|x64.ActiveCfg = Debug|Any CPU
		{CA2A4311-E9BC-498D-8C8E-4BCE9FDDEF4B}.Debug|x64.Build.0 = Debug|Any CPU
		{CA2A4311-E9BC-498D-8C8E-4BCE9FDDEF4B}.Debug|x86.ActiveCfg = Debug|Any CPU
		{CA2A4311-E9BC-498D-8C8E-4BCE9FDDEF4B}.Debug|x86.Build.0 = Debug|Any CPU
		{CA2A4311-E9BC-498D-8C8E-4BCE9FDDEF4B}.Release|Any CPU.ActiveCfg = Release|Any CPU
		{CA2A4311-E9BC-498D-8C8E-4BCE9FDDEF4B}.Release|Any CPU.Build.0 = Release|Any CPU
		{CA2A4311-E9BC-498D-8C8E-4BCE9FDDEF4B}.Release|x64.ActiveCfg = Release|Any CPU
		{CA2A4311-E9BC-498D-8C8E-4BCE9FDDEF4B}.Release|x64.Build.0 = Release|Any CPU
		{CA2A4311-E9BC-498D-8C8E-4BCE9FDDEF4B}.Release|x86.ActiveCfg = Release|Any CPU
		{CA2A4311-E9BC-498D-8C8E-4BCE9FDDEF4B}.Release|x86.Build.0 = Release|Any CPU
		{F4ED6426-8FED-422E-AA9B-1397BF3DE977}.Debug|Any CPU.ActiveCfg = Debug|Any CPU
		{F4ED6426-8FED-422E-AA9B-1397BF3DE977}.Debug|Any CPU.Build.0 = Debug|Any CPU
		{F4ED6426-8FED-422E-AA9B-1397BF3DE977}.Debug|x64.ActiveCfg = Debug|Any CPU
		{F4ED6426-8FED-422E-AA9B-1397BF3DE977}.Debug|x64.Build.0 = Debug|Any CPU
		{F4ED6426-8FED-422E-AA9B-1397BF3DE977}.Debug|x86.ActiveCfg = Debug|Any CPU
		{F4ED6426-8FED-422E-AA9B-1397BF3DE977}.Debug|x86.Build.0 = Debug|Any CPU
		{F4ED6426-8FED-422E-AA9B-1397BF3DE977}.Release|Any CPU.ActiveCfg = Release|Any CPU
		{F4ED6426-8FED-422E-AA9B-1397BF3DE977}.Release|Any CPU.Build.0 = Release|Any CPU
		{F4ED6426-8FED-422E-AA9B-1397BF3DE977}.Release|x64.ActiveCfg = Release|Any CPU
		{F4ED6426-8FED-422E-AA9B-1397BF3DE977}.Release|x64.Build.0 = Release|Any CPU
		{F4ED6426-8FED-422E-AA9B-1397BF3DE977}.Release|x86.ActiveCfg = Release|Any CPU
		{F4ED6426-8FED-422E-AA9B-1397BF3DE977}.Release|x86.Build.0 = Release|Any CPU
		{203E43EB-F2E6-47B2-A6AD-7247DD05B6A2}.Debug|Any CPU.ActiveCfg = Debug|Any CPU
		{203E43EB-F2E6-47B2-A6AD-7247DD05B6A2}.Debug|Any CPU.Build.0 = Debug|Any CPU
		{203E43EB-F2E6-47B2-A6AD-7247DD05B6A2}.Debug|x64.ActiveCfg = Debug|Any CPU
		{203E43EB-F2E6-47B2-A6AD-7247DD05B6A2}.Debug|x64.Build.0 = Debug|Any CPU
		{203E43EB-F2E6-47B2-A6AD-7247DD05B6A2}.Debug|x86.ActiveCfg = Debug|Any CPU
		{203E43EB-F2E6-47B2-A6AD-7247DD05B6A2}.Debug|x86.Build.0 = Debug|Any CPU
		{203E43EB-F2E6-47B2-A6AD-7247DD05B6A2}.Release|Any CPU.ActiveCfg = Release|Any CPU
		{203E43EB-F2E6-47B2-A6AD-7247DD05B6A2}.Release|Any CPU.Build.0 = Release|Any CPU
		{203E43EB-F2E6-47B2-A6AD-7247DD05B6A2}.Release|x64.ActiveCfg = Release|Any CPU
		{203E43EB-F2E6-47B2-A6AD-7247DD05B6A2}.Release|x64.Build.0 = Release|Any CPU
		{203E43EB-F2E6-47B2-A6AD-7247DD05B6A2}.Release|x86.ActiveCfg = Release|Any CPU
		{203E43EB-F2E6-47B2-A6AD-7247DD05B6A2}.Release|x86.Build.0 = Release|Any CPU
		{5483852B-5520-4ACB-920B-B4DF1C97C28E}.Debug|Any CPU.ActiveCfg = Debug|Any CPU
		{5483852B-5520-4ACB-920B-B4DF1C97C28E}.Debug|Any CPU.Build.0 = Debug|Any CPU
		{5483852B-5520-4ACB-920B-B4DF1C97C28E}.Debug|x64.ActiveCfg = Debug|Any CPU
		{5483852B-5520-4ACB-920B-B4DF1C97C28E}.Debug|x64.Build.0 = Debug|Any CPU
		{5483852B-5520-4ACB-920B-B4DF1C97C28E}.Debug|x86.ActiveCfg = Debug|Any CPU
		{5483852B-5520-4ACB-920B-B4DF1C97C28E}.Debug|x86.Build.0 = Debug|Any CPU
		{5483852B-5520-4ACB-920B-B4DF1C97C28E}.Release|Any CPU.ActiveCfg = Release|Any CPU
		{5483852B-5520-4ACB-920B-B4DF1C97C28E}.Release|Any CPU.Build.0 = Release|Any CPU
		{5483852B-5520-4ACB-920B-B4DF1C97C28E}.Release|x64.ActiveCfg = Release|Any CPU
		{5483852B-5520-4ACB-920B-B4DF1C97C28E}.Release|x64.Build.0 = Release|Any CPU
		{5483852B-5520-4ACB-920B-B4DF1C97C28E}.Release|x86.ActiveCfg = Release|Any CPU
		{5483852B-5520-4ACB-920B-B4DF1C97C28E}.Release|x86.Build.0 = Release|Any CPU
		{600A9788-876D-44E6-AA85-A24511BF0D89}.Debug|Any CPU.ActiveCfg = Debug|Any CPU
		{600A9788-876D-44E6-AA85-A24511BF0D89}.Debug|Any CPU.Build.0 = Debug|Any CPU
		{600A9788-876D-44E6-AA85-A24511BF0D89}.Debug|x64.ActiveCfg = Debug|Any CPU
		{600A9788-876D-44E6-AA85-A24511BF0D89}.Debug|x64.Build.0 = Debug|Any CPU
		{600A9788-876D-44E6-AA85-A24511BF0D89}.Debug|x86.ActiveCfg = Debug|Any CPU
		{600A9788-876D-44E6-AA85-A24511BF0D89}.Debug|x86.Build.0 = Debug|Any CPU
		{600A9788-876D-44E6-AA85-A24511BF0D89}.Release|Any CPU.ActiveCfg = Release|Any CPU
		{600A9788-876D-44E6-AA85-A24511BF0D89}.Release|Any CPU.Build.0 = Release|Any CPU
		{600A9788-876D-44E6-AA85-A24511BF0D89}.Release|x64.ActiveCfg = Release|Any CPU
		{600A9788-876D-44E6-AA85-A24511BF0D89}.Release|x64.Build.0 = Release|Any CPU
		{600A9788-876D-44E6-AA85-A24511BF0D89}.Release|x86.ActiveCfg = Release|Any CPU
		{600A9788-876D-44E6-AA85-A24511BF0D89}.Release|x86.Build.0 = Release|Any CPU
		{81DDED9D-158B-E303-5F62-77A2896D2A5A}.Debug|Any CPU.ActiveCfg = Debug|Any CPU
		{81DDED9D-158B-E303-5F62-77A2896D2A5A}.Debug|Any CPU.Build.0 = Debug|Any CPU
		{81DDED9D-158B-E303-5F62-77A2896D2A5A}.Debug|x64.ActiveCfg = Debug|Any CPU
		{81DDED9D-158B-E303-5F62-77A2896D2A5A}.Debug|x64.Build.0 = Debug|Any CPU
		{81DDED9D-158B-E303-5F62-77A2896D2A5A}.Debug|x86.ActiveCfg = Debug|Any CPU
		{81DDED9D-158B-E303-5F62-77A2896D2A5A}.Debug|x86.Build.0 = Debug|Any CPU
		{81DDED9D-158B-E303-5F62-77A2896D2A5A}.Release|Any CPU.ActiveCfg = Release|Any CPU
		{81DDED9D-158B-E303-5F62-77A2896D2A5A}.Release|Any CPU.Build.0 = Release|Any CPU
		{81DDED9D-158B-E303-5F62-77A2896D2A5A}.Release|x64.ActiveCfg = Release|Any CPU
		{81DDED9D-158B-E303-5F62-77A2896D2A5A}.Release|x64.Build.0 = Release|Any CPU
		{81DDED9D-158B-E303-5F62-77A2896D2A5A}.Release|x86.ActiveCfg = Release|Any CPU
		{81DDED9D-158B-E303-5F62-77A2896D2A5A}.Release|x86.Build.0 = Release|Any CPU
	EndGlobalSection
	GlobalSection(SolutionProperties) = preSolution
		HideSolutionNode = FALSE
	EndGlobalSection
	GlobalSection(NestedProjects) = preSolution
		{EABC088A-5DA3-4FEF-8FA8-83891A08A07D} = {827E0CD3-B72D-47B6-A68D-7590B98EB39B}
		{CA2A4311-E9BC-498D-8C8E-4BCE9FDDEF4B} = {827E0CD3-B72D-47B6-A68D-7590B98EB39B}
		{F4ED6426-8FED-422E-AA9B-1397BF3DE977} = {827E0CD3-B72D-47B6-A68D-7590B98EB39B}
		{203E43EB-F2E6-47B2-A6AD-7247DD05B6A2} = {827E0CD3-B72D-47B6-A68D-7590B98EB39B}
		{5483852B-5520-4ACB-920B-B4DF1C97C28E} = {0AB3BF05-4346-4AA6-1389-037BE0695223}
		{600A9788-876D-44E6-AA85-A24511BF0D89} = {0AB3BF05-4346-4AA6-1389-037BE0695223}
	EndGlobalSection
EndGlobal
